
Microsoft Visual Studio Solution File, Format Version 12.00
Project("{FAE04EC0-301F-11D3-BF4B-00C04F79EFBC}") = "SyncOutput", "SyncOutput\SyncOutput.csproj", "{B05892D7-06AF-47E2-8DCF-4D0D475E365D}"
EndProject
Global
	GlobalSection(SolutionConfigurationPlatforms) = preSolution
		Debug|Any CPU = Debug|Any CPU
		Release|Any CPU = Release|Any CPU
	EndGlobalSection
	GlobalSection(ProjectConfigurationPlatforms) = postSolution
		{B05892D7-06AF-47E2-8DCF-4D0D475E365D}.Debug|Any CPU.ActiveCfg = Debug|Any CPU
		{B05892D7-06AF-47E2-8DCF-4D0D475E365D}.Debug|Any CPU.Build.0 = Debug|Any CPU
		{B05892D7-06AF-47E2-8DCF-4D0D475E365D}.Release|Any CPU.ActiveCfg = Release|Any CPU
		{B05892D7-06AF-47E2-8DCF-4D0D475E365D}.Release|Any CPU.Build.0 = Release|Any CPU
	EndGlobalSection
EndGlobal
