
Microsoft Visual Studio Solution File, Format Version 12.00
Project("{FAE04EC0-301F-11D3-BF4B-00C04F79EFBC}") = "StringPremutations", "StringPremutations\StringPremutations.csproj", "{F89E9AC3-24A7-457A-AAFD-B2EE3668FEF0}"
EndProject
Global
	GlobalSection(SolutionConfigurationPlatforms) = preSolution
		Debug|Any CPU = Debug|Any CPU
		Release|Any CPU = Release|Any CPU
	EndGlobalSection
	GlobalSection(ProjectConfigurationPlatforms) = postSolution
		{F89E9AC3-24A7-457A-AAFD-B2EE3668FEF0}.Debug|Any CPU.ActiveCfg = Debug|Any CPU
		{F89E9AC3-24A7-457A-AAFD-B2EE3668FEF0}.Debug|Any CPU.Build.0 = Debug|Any CPU
		{F89E9AC3-24A7-457A-AAFD-B2EE3668FEF0}.Release|Any CPU.ActiveCfg = Release|Any CPU
		{F89E9AC3-24A7-457A-AAFD-B2EE3668FEF0}.Release|Any CPU.Build.0 = Release|Any CPU
	EndGlobalSection
EndGlobal
