
Microsoft Visual Studio Solution File, Format Version 12.00
Project("{FAE04EC0-301F-11D3-BF4B-00C04F79EFBC}") = "CustomAttributeTask", "CustomAttributeTask\CustomAttributeTask.csproj", "{478969F0-3260-42A8-8576-17C3F4C55712}"
EndProject
Global
	GlobalSection(SolutionConfigurationPlatforms) = preSolution
		Debug|Any CPU = Debug|Any CPU
		Release|Any CPU = Release|Any CPU
	EndGlobalSection
	GlobalSection(ProjectConfigurationPlatforms) = postSolution
		{478969F0-3260-42A8-8576-17C3F4C55712}.Debug|Any CPU.ActiveCfg = Debug|Any CPU
		{478969F0-3260-42A8-8576-17C3F4C55712}.Debug|Any CPU.Build.0 = Debug|Any CPU
		{478969F0-3260-42A8-8576-17C3F4C55712}.Release|Any CPU.ActiveCfg = Release|Any CPU
		{478969F0-3260-42A8-8576-17C3F4C55712}.Release|Any CPU.Build.0 = Release|Any CPU
	EndGlobalSection
EndGlobal
