
Microsoft Visual Studio Solution File, Format Version 12.00
Project("{FAE04EC0-301F-11D3-BF4B-00C04F79EFBC}") = "StudentGroup", "StudentGroup\StudentGroup.csproj", "{24106EA3-B3D7-4FAE-B14D-3AB11288D698}"
EndProject
Global
	GlobalSection(SolutionConfigurationPlatforms) = preSolution
		Debug|Any CPU = Debug|Any CPU
		Release|Any CPU = Release|Any CPU
	EndGlobalSection
	GlobalSection(ProjectConfigurationPlatforms) = postSolution
		{24106EA3-B3D7-4FAE-B14D-3AB11288D698}.Debug|Any CPU.ActiveCfg = Debug|Any CPU
		{24106EA3-B3D7-4FAE-B14D-3AB11288D698}.Debug|Any CPU.Build.0 = Debug|Any CPU
		{24106EA3-B3D7-4FAE-B14D-3AB11288D698}.Release|Any CPU.ActiveCfg = Release|Any CPU
		{24106EA3-B3D7-4FAE-B14D-3AB11288D698}.Release|Any CPU.Build.0 = Release|Any CPU
	EndGlobalSection
EndGlobal
