
Microsoft Visual Studio Solution File, Format Version 12.00
Project("{FAE04EC0-301F-11D3-BF4B-00C04F79EFBC}") = "MultithreadArray", "MultithreadArray\MultithreadArray.csproj", "{30A24807-32BF-47B0-8D6B-429AA96287B9}"
EndProject
Global
	GlobalSection(SolutionConfigurationPlatforms) = preSolution
		Debug|Any CPU = Debug|Any CPU
		Release|Any CPU = Release|Any CPU
	EndGlobalSection
	GlobalSection(ProjectConfigurationPlatforms) = postSolution
		{30A24807-32BF-47B0-8D6B-429AA96287B9}.Debug|Any CPU.ActiveCfg = Debug|Any CPU
		{30A24807-32BF-47B0-8D6B-429AA96287B9}.Debug|Any CPU.Build.0 = Debug|Any CPU
		{30A24807-32BF-47B0-8D6B-429AA96287B9}.Release|Any CPU.ActiveCfg = Release|Any CPU
		{30A24807-32BF-47B0-8D6B-429AA96287B9}.Release|Any CPU.Build.0 = Release|Any CPU
	EndGlobalSection
EndGlobal
