
Microsoft Visual Studio Solution File, Format Version 12.00
Project("{FAE04EC0-301F-11D3-BF4B-00C04F79EFBC}") = "RainWater", "RainWater\RainWater.csproj", "{07889E2D-6D74-426C-A6E4-8E4EC6D065F0}"
EndProject
Global
	GlobalSection(SolutionConfigurationPlatforms) = preSolution
		Debug|Any CPU = Debug|Any CPU
		Release|Any CPU = Release|Any CPU
	EndGlobalSection
	GlobalSection(ProjectConfigurationPlatforms) = postSolution
		{07889E2D-6D74-426C-A6E4-8E4EC6D065F0}.Debug|Any CPU.ActiveCfg = Debug|Any CPU
		{07889E2D-6D74-426C-A6E4-8E4EC6D065F0}.Debug|Any CPU.Build.0 = Debug|Any CPU
		{07889E2D-6D74-426C-A6E4-8E4EC6D065F0}.Release|Any CPU.ActiveCfg = Release|Any CPU
		{07889E2D-6D74-426C-A6E4-8E4EC6D065F0}.Release|Any CPU.Build.0 = Release|Any CPU
	EndGlobalSection
EndGlobal
