
Microsoft Visual Studio Solution File, Format Version 12.00
Project("{FAE04EC0-301F-11D3-BF4B-00C04F79EFBC}") = "Homework8", "Homework8\Homework8.csproj", "{AB39B8DB-8140-47BE-ACD6-4F0B3126E9E0}"
EndProject
Global
	GlobalSection(SolutionConfigurationPlatforms) = preSolution
		Debug|Any CPU = Debug|Any CPU
		Release|Any CPU = Release|Any CPU
	EndGlobalSection
	GlobalSection(ProjectConfigurationPlatforms) = postSolution
		{AB39B8DB-8140-47BE-ACD6-4F0B3126E9E0}.Debug|Any CPU.ActiveCfg = Debug|Any CPU
		{AB39B8DB-8140-47BE-ACD6-4F0B3126E9E0}.Debug|Any CPU.Build.0 = Debug|Any CPU
		{AB39B8DB-8140-47BE-ACD6-4F0B3126E9E0}.Release|Any CPU.ActiveCfg = Release|Any CPU
		{AB39B8DB-8140-47BE-ACD6-4F0B3126E9E0}.Release|Any CPU.Build.0 = Release|Any CPU
	EndGlobalSection
EndGlobal
