
Microsoft Visual Studio Solution File, Format Version 12.00
Project("{FAE04EC0-301F-11D3-BF4B-00C04F79EFBC}") = "Allergies", "Allergies\Allergies.csproj", "{E7220D89-ACEA-4832-944E-62480587C49F}"
EndProject
Global
	GlobalSection(SolutionConfigurationPlatforms) = preSolution
		Debug|Any CPU = Debug|Any CPU
		Release|Any CPU = Release|Any CPU
	EndGlobalSection
	GlobalSection(ProjectConfigurationPlatforms) = postSolution
		{E7220D89-ACEA-4832-944E-62480587C49F}.Debug|Any CPU.ActiveCfg = Debug|Any CPU
		{E7220D89-ACEA-4832-944E-62480587C49F}.Debug|Any CPU.Build.0 = Debug|Any CPU
		{E7220D89-ACEA-4832-944E-62480587C49F}.Release|Any CPU.ActiveCfg = Release|Any CPU
		{E7220D89-ACEA-4832-944E-62480587C49F}.Release|Any CPU.Build.0 = Release|Any CPU
	EndGlobalSection
EndGlobal
