
Microsoft Visual Studio Solution File, Format Version 12.00
Project("{FAE04EC0-301F-11D3-BF4B-00C04F79EFBC}") = "BearAndBees", "BearAndBees\BearAndBees.csproj", "{320F0E44-A75C-4F8F-9046-43E376692945}"
EndProject
Global
	GlobalSection(SolutionConfigurationPlatforms) = preSolution
		Debug|Any CPU = Debug|Any CPU
		Release|Any CPU = Release|Any CPU
	EndGlobalSection
	GlobalSection(ProjectConfigurationPlatforms) = postSolution
		{320F0E44-A75C-4F8F-9046-43E376692945}.Debug|Any CPU.ActiveCfg = Debug|Any CPU
		{320F0E44-A75C-4F8F-9046-43E376692945}.Debug|Any CPU.Build.0 = Debug|Any CPU
		{320F0E44-A75C-4F8F-9046-43E376692945}.Release|Any CPU.ActiveCfg = Release|Any CPU
		{320F0E44-A75C-4F8F-9046-43E376692945}.Release|Any CPU.Build.0 = Release|Any CPU
	EndGlobalSection
EndGlobal
